Microsoft Visual Studio Solution File, Format Version 12.00
# Visual Studio Version 17
VisualStudioVersion = 17.5.2.0
MinimumVisualStudioVersion = 10.0.40219.1
Project("{FAE04EC0-301F-11D3-BF4B-00C04F79EFBC}") = "PeliculasV2", "PeliculasV2.csproj", "{6CE7B5EE-86A7-BD7A-B162-9B53C42BC893}"
EndProject
Global
	GlobalSection(SolutionConfigurationPlatforms) = preSolution
		Debug|Any CPU = Debug|Any CPU
		Release|Any CPU = Release|Any CPU
	EndGlobalSection
	GlobalSection(ProjectConfigurationPlatforms) = postSolution
		{6CE7B5EE-86A7-BD7A-B162-9B53C42BC893}.Debug|Any CPU.ActiveCfg = Debug|Any CPU
		{6CE7B5EE-86A7-BD7A-B162-9B53C42BC893}.Debug|Any CPU.Build.0 = Debug|Any CPU
		{6CE7B5EE-86A7-BD7A-B162-9B53C42BC893}.Release|Any CPU.ActiveCfg = Release|Any CPU
		{6CE7B5EE-86A7-BD7A-B162-9B53C42BC893}.Release|Any CPU.Build.0 = Release|Any CPU
	EndGlobalSection
	GlobalSection(SolutionProperties) = preSolution
		HideSolutionNode = FALSE
	EndGlobalSection
	GlobalSection(ExtensibilityGlobals) = postSolution
		SolutionGuid = {DA8E7775-5559-4786-B9CC-5A4FE50650D4}
	EndGlobalSection
EndGlobal
